{
  "requires": true,
  "lockfileVersion": 1,
  "dependencies": {
    "fluent-reveal-effect": {
      "version": "1.1.1",
      "resolved": "https://registry.npmjs.org/fluent-reveal-effect/-/fluent-reveal-effect-1.1.1.tgz",
      "integrity": "sha512-xULvnzGwSJ+yrEbuWIyr8pVHpOf1XZfbBjvSXrMcKW/Hf5hY3hOu7q+KPlg5xyxT0USHUZ0Yo+imLpXb4fEN/Q=="
    }
  }
}
